PODS:
  - AISphereView (0.1.0)
  - Reveal-SDK (11)

DEPENDENCIES:
  - AISphereView (from `../`)
  - Reveal-SDK (~> 11)

EXTERNAL SOURCES:
  AISphereView:
    :path: ../

SPEC CHECKSUMS:
  AISphereView: 037cb59f53e43ffbee724c60aa3a11bbf7c5c42b
  Reveal-SDK: 7fa13d04bb55db61ff2342a990cf731d5159361d

PODFILE CHECKSUM: 34803bb5a84666ca679434a2b6d6fc1396b08bef

COCOAPODS: 1.4.0
